// !$*UTF8*$!
{
	archiveVersion = 1;
	classes = {
	};
	objectVersion = 51;
	objects = {

/* Begin PBXBuildFile section */
		518B1DD5AF75D319A906812A /* Pods_juicebar.framework in Frameworks */ = {isa = PBXBuildFile; fileRef = 751E9394FBF792994C46AF42 /* Pods_juicebar.framework */; };
		52048A822339F25800E3B601 /* AppDelegate.swift in Sources */ = {isa = PBXBuildFile; fileRef = 52048A812339F25800E3B601 /* AppDelegate.swift */; };
		52048A842339F25800E3B601 /* ViewController.swift in Sources */ = {isa = PBXBuildFile; fileRef = 52048A832339F25800E3B601 /* ViewController.swift */; };
		52048A872339F25800E3B601 /* Main.storyboard in Resources */ = {isa = PBXBuildFile; fileRef = 52048A852339F25800E3B601 /* Main.storyboard */; };
		52048A892339F25900E3B601 /* Assets.xcassets in Resources */ = {isa = PBXBuildFile; fileRef = 52048A882339F25900E3B601 /* Assets.xcassets */; };
		52048A8C2339F25900E3B601 /* LaunchScreen.storyboard in Resources */ = {isa = PBXBuildFile; fileRef = 52048A8A2339F25900E3B601 /* LaunchScreen.storyboard */; };
		52048A942339F65B00E3B601 /* welcomeViewController.swift in Sources */ = {isa = PBXBuildFile; fileRef = 52048A932339F65B00E3B601 /* welcomeViewController.swift */; };
		5204C1DE233B48A5005044FB /* collectionViewController.swift in Sources */ = {isa = PBXBuildFile; fileRef = 5204C1DD233B48A5005044FB /* collectionViewController.swift */; };
		5204C1E0233B48D0005044FB /* deliveryViewController.swift in Sources */ = {isa = PBXBuildFile; fileRef = 5204C1DF233B48D0005044FB /* deliveryViewController.swift */; };
		52066968233E54EC00191E3F /* submenuViewController.swift in Sources */ = {isa = PBXBuildFile; fileRef = 52066967233E54EC00191E3F /* submenuViewController.swift */; };
		52F932B4233A6E96009DF904 /* buttonanimationeffect.swift in Sources */ = {isa = PBXBuildFile; fileRef = 52F932B3233A6E96009DF904 /* buttonanimationeffect.swift */; };
		52F932B6233A710D009DF904 /* registerViewController.swift in Sources */ = {isa = PBXBuildFile; fileRef = 52F932B5233A710D009DF904 /* registerViewController.swift */; };
		52F932B8233A7135009DF904 /* loginViewController.swift in Sources */ = {isa = PBXBuildFile; fileRef = 52F932B7233A7135009DF904 /* loginViewController.swift */; };
		52F932BA233A7171009DF904 /* guestuserViewController.swift in Sources */ = {isa = PBXBuildFile; fileRef = 52F932B9233A7171009DF904 /* guestuserViewController.swift */; };
		52F932BC233A81D3009DF904 /* menuViewController.swift in Sources */ = {isa = PBXBuildFile; fileRef = 52F932BB233A81D3009DF904 /* menuViewController.swift */; };
		52F9B73B233A453A009E513E /* firstViewController.swift in Sources */ = {isa = PBXBuildFile; fileRef = 52F9B73A233A453A009E513E /* firstViewController.swift */; };
/* End PBXBuildFile section */

/* Begin PBXFileReference section */
		515570AF43BE84AE142247F5 /* Pods-juicebar.debug.xcconfig */ = {isa = PBXFileReference; includeInIndex = 1; lastKnownFileType = text.xcconfig; name = "Pods-juicebar.debug.xcconfig"; path = "Target Support Files/Pods-juicebar/Pods-juicebar.debug.xcconfig"; sourceTree = "<group>"; };
		52048A7E2339F25800E3B601 /* juicebar.app */ = {isa = PBXFileReference; explicitFileType = wrapper.application; includeInIndex = 0; path = juicebar.app; sourceTree = BUILT_PRODUCTS_DIR; };
		52048A812339F25800E3B601 /* AppDelegate.swift */ = {isa = PBXFileReference; lastKnownFileType = sourcecode.swift; path = AppDelegate.swift; sourceTree = "<group>"; };
		52048A832339F25800E3B601 /* ViewController.swift */ = {isa = PBXFileReference; lastKnownFileType = sourcecode.swift; path = ViewController.swift; sourceTree = "<group>"; };
		52048A862339F25800E3B601 /* Base */ = {isa = PBXFileReference; lastKnownFileType = file.storyboard; name = Base; path = Base.lproj/Main.storyboard; sourceTree = "<group>"; };
		52048A882339F25900E3B601 /* Assets.xcassets */ = {isa = PBXFileReference; lastKnownFileType = folder.assetcatalog; path = Assets.xcassets; sourceTree = "<group>"; };
		52048A8B2339F25900E3B601 /* Base */ = {isa = PBXFileReference; lastKnownFileType = file.storyboard; name = Base; path = Base.lproj/LaunchScreen.storyboard; sourceTree = "<group>"; };
		52048A8D2339F25900E3B601 /* Info.plist */ = {isa = PBXFileReference; lastKnownFileType = text.plist.xml; path = Info.plist; sourceTree = "<group>"; };
		52048A932339F65B00E3B601 /* welcomeViewController.swift */ = {isa = PBXFileReference; lastKnownFileType = sourcecode.swift; path = welcomeViewController.swift; sourceTree = "<group>"; };
		5204C1DD233B48A5005044FB /* collectionViewController.swift */ = {isa = PBXFileReference; lastKnownFileType = sourcecode.swift; path = collectionViewController.swift; sourceTree = "<group>"; };
		5204C1DF233B48D0005044FB /* deliveryViewController.swift */ = {isa = PBXFileReference; lastKnownFileType = sourcecode.swift; path = deliveryViewController.swift; sourceTree = "<group>"; };
		52066967233E54EC00191E3F /* submenuViewController.swift */ = {isa = PBXFileReference; lastKnownFileType = sourcecode.swift; path = submenuViewController.swift; sourceTree = "<group>"; };
		52F932B3233A6E96009DF904 /* buttonanimationeffect.swift */ = {isa = PBXFileReference; lastKnownFileType = sourcecode.swift; path = buttonanimationeffect.swift; sourceTree = "<group>"; };
		52F932B5233A710D009DF904 /* registerViewController.swift */ = {isa = PBXFileReference; lastKnownFileType = sourcecode.swift; path = registerViewController.swift; sourceTree = "<group>"; };
		52F932B7233A7135009DF904 /* loginViewController.swift */ = {isa = PBXFileReference; lastKnownFileType = sourcecode.swift; path = loginViewController.swift; sourceTree = "<group>"; };
		52F932B9233A7171009DF904 /* guestuserViewController.swift */ = {isa = PBXFileReference; lastKnownFileType = sourcecode.swift; path = guestuserViewController.swift; sourceTree = "<group>"; };
		52F932BB233A81D3009DF904 /* menuViewController.swift */ = {isa = PBXFileReference; lastKnownFileType = sourcecode.swift; path = menuViewController.swift; sourceTree = "<group>"; };
		52F9B73A233A453A009E513E /* firstViewController.swift */ = {isa = PBXFileReference; lastKnownFileType = sourcecode.swift; path = firstViewController.swift; sourceTree = "<group>"; };
		751E9394FBF792994C46AF42 /* Pods_juicebar.framework */ = {isa = PBXFileReference; explicitFileType = wrapper.framework; includeInIndex = 0; path = Pods_juicebar.framework; sourceTree = BUILT_PRODUCTS_DIR; };
		AD8158A44DEA2D54E07DFA65 /* Pods-juicebar.release.xcconfig */ = {isa = PBXFileReference; includeInIndex = 1; lastKnownFileType = text.xcconfig; name = "Pods-juicebar.release.xcconfig"; path = "Target Support Files/Pods-juicebar/Pods-juicebar.release.xcconfig"; sourceTree = "<group>"; };
/* End PBXFileReference section */

/* Begin PBXFrameworksBuildPhase section */
		52048A7B2339F25800E3B601 /* Frameworks */ = {
			isa = PBXFrameworksBuildPhase;
			buildActionMask = 2147483647;
			files = (
				518B1DD5AF75D319A906812A /* Pods_juicebar.framework in Frameworks */,
			);
			runOnlyForDeploymentPostprocessing = 0;
		};
/* End PBXFrameworksBuildPhase section */

/* Begin PBXGroup section */
		52048A752339F25800E3B601 = {
			isa = PBXGroup;
			children = (
				52048A802339F25800E3B601 /* juicebar */,
				52048A7F2339F25800E3B601 /* Products */,
				749FD5347129FFD3EB553125 /* Pods */,
				8CC8EA4B38CA18FD1F03425C /* Frameworks */,
			);
			sourceTree = "<group>";
		};
		52048A7F2339F25800E3B601 /* Products */ = {
			isa = PBXGroup;
			children = (
				52048A7E2339F25800E3B601 /* juicebar.app */,
			);
			name = Products;
			sourceTree = "<group>";
		};
		52048A802339F25800E3B601 /* juicebar */ = {
			isa = PBXGroup;
			children = (
				52048A812339F25800E3B601 /* AppDelegate.swift */,
				52048A832339F25800E3B601 /* ViewController.swift */,
				52048A852339F25800E3B601 /* Main.storyboard */,
				52048A882339F25900E3B601 /* Assets.xcassets */,
				52048A8A2339F25900E3B601 /* LaunchScreen.storyboard */,
				52048A8D2339F25900E3B601 /* Info.plist */,
				52048A932339F65B00E3B601 /* welcomeViewController.swift */,
				52F9B73A233A453A009E513E /* firstViewController.swift */,
				52F932B3233A6E96009DF904 /* buttonanimationeffect.swift */,
				52F932B5233A710D009DF904 /* registerViewController.swift */,
				52F932B7233A7135009DF904 /* loginViewController.swift */,
				52F932B9233A7171009DF904 /* guestuserViewController.swift */,
				52F932BB233A81D3009DF904 /* menuViewController.swift */,
				5204C1DD233B48A5005044FB /* collectionViewController.swift */,
				5204C1DF233B48D0005044FB /* deliveryViewController.swift */,
				52066967233E54EC00191E3F /* submenuViewController.swift */,
			);
			path = juicebar;
			sourceTree = "<group>";
		};
		749FD5347129FFD3EB553125 /* Pods */ = {
			isa = PBXGroup;
			children = (
				515570AF43BE84AE142247F5 /* Pods-juicebar.debug.xcconfig */,
				AD8158A44DEA2D54E07DFA65 /* Pods-juicebar.release.xcconfig */,
			);
			path = Pods;
			sourceTree = "<group>";
		};
		8CC8EA4B38CA18FD1F03425C /* Frameworks */ = {
			isa = PBXGroup;
			children = (
				751E9394FBF792994C46AF42 /* Pods_juicebar.framework */,
			);
			name = Frameworks;
			sourceTree = "<group>";
		};
/* End PBXGroup section */

/* Begin PBXNativeTarget section */
		52048A7D2339F25800E3B601 /* juicebar */ = {
			isa = PBXNativeTarget;
			buildConfigurationList = 52048A902339F25900E3B601 /* Build configuration list for PBXNativeTarget "juicebar" */;
			buildPhases = (
				ABEDEA9DD6E6692EF4A64478 /* [CP] Check Pods Manifest.lock */,
				52048A7A2339F25800E3B601 /* Sources */,
				52048A7B2339F25800E3B601 /* Frameworks */,
				52048A7C2339F25800E3B601 /* Resources */,
				BB1B6494039E76390E60165E /* [CP] Embed Pods Frameworks */,
			);
			buildRules = (
			);
			dependencies = (
			);
			name = juicebar;
			productName = juicebar;
			productReference = 52048A7E2339F25800E3B601 /* juicebar.app */;
			productType = "com.apple.product-type.application";
		};
/* End PBXNativeTarget section */

/* Begin PBXProject section */
		52048A762339F25800E3B601 /* Project object */ = {
			isa = PBXProject;
			attributes = {
				LastSwiftUpdateCheck = 1010;
				LastUpgradeCheck = 1010;
				ORGANIZATIONNAME = "Thinzar Soe";
				TargetAttributes = {
					52048A7D2339F25800E3B601 = {
						CreatedOnToolsVersion = 10.1;
					};
				};
			};
			buildConfigurationList = 52048A792339F25800E3B601 /* Build configuration list for PBXProject "juicebar" */;
			compatibilityVersion = "Xcode 9.3";
			developmentRegion = en;
			hasScannedForEncodings = 0;
			knownRegions = (
				en,
				Base,
			);
			mainGroup = 52048A752339F25800E3B601;
			productRefGroup = 52048A7F2339F25800E3B601 /* Products */;
			projectDirPath = "";
			projectRoot = "";
			targets = (
				52048A7D2339F25800E3B601 /* juicebar */,
			);
		};
/* End PBXProject section */

/* Begin PBXResourcesBuildPhase section */
		52048A7C2339F25800E3B601 /* Resources */ = {
			isa = PBXResourcesBuildPhase;
			buildActionMask = 2147483647;
			files = (
				52048A8C2339F25900E3B601 /* LaunchScreen.storyboard in Resources */,
				52048A892339F25900E3B601 /* Assets.xcassets in Resources */,
				52048A872339F25800E3B601 /* Main.storyboard in Resources */,
			);
			runOnlyForDeploymentPostprocessing = 0;
		};
/* End PBXResourcesBuildPhase section */

/* Begin PBXShellScriptBuildPhase section */
		ABEDEA9DD6E6692EF4A64478 /* [CP] Check Pods Manifest.lock */ = {
			isa = PBXShellScriptBuildPhase;
			buildActionMask = 2147483647;
			files = (
			);
			inputFileListPaths = (
			);
			inputPaths = (
				"${PODS_PODFILE_DIR_PATH}/Podfile.lock",
				"${PODS_ROOT}/Manifest.lock",
			);
			name = "[CP] Check Pods Manifest.lock";
			outputFileListPaths = (
			);
			outputPaths = (
				"$(DERIVED_FILE_DIR)/Pods-juicebar-checkManifestLockResult.txt",
			);
			runOnlyForDeploymentPostprocessing = 0;
			shellPath = /bin/sh;
			shellScript = "diff \"${PODS_PODFILE_DIR_PATH}/Podfile.lock\" \"${PODS_ROOT}/Manifest.lock\" > /dev/null\nif [ $? != 0 ] ; then\n    # print error to STDERR\n    echo \"error: The sandbox is not in sync with the Podfile.lock. Run 'pod install' or update your CocoaPods installation.\" >&2\n    exit 1\nfi\n# This output is used by Xcode 'outputs' to avoid re-running this script phase.\necho \"SUCCESS\" > \"${SCRIPT_OUTPUT_FILE_0}\"\n";
			showEnvVarsInLog = 0;
		};
		BB1B6494039E76390E60165E /* [CP] Embed Pods Frameworks */ = {
			isa = PBXShellScriptBuildPhase;
			buildActionMask = 2147483647;
			files = (
			);
			inputFileListPaths = (
				"${PODS_ROOT}/Target Support Files/Pods-juicebar/Pods-juicebar-frameworks-${CONFIGURATION}-input-files.xcfilelist",
			);
			name = "[CP] Embed Pods Frameworks";
			outputFileListPaths = (
				"${PODS_ROOT}/Target Support Files/Pods-juicebar/Pods-juicebar-frameworks-${CONFIGURATION}-output-files.xcfilelist",
			);
			runOnlyForDeploymentPostprocessing = 0;
			shellPath = /bin/sh;
			shellScript = "\"${PODS_ROOT}/Target Support Files/Pods-juicebar/Pods-juicebar-frameworks.sh\"\n";
			showEnvVarsInLog = 0;
		};
/* End PBXShellScriptBuildPhase section */

/* Begin PBXSourcesBuildPhase section */
		52048A7A2339F25800E3B601 /* Sources */ = {
			isa = PBXSourcesBuildPhase;
			buildActionMask = 2147483647;
			files = (
				52F932BC233A81D3009DF904 /* menuViewController.swift in Sources */,
				52F932B8233A7135009DF904 /* loginViewController.swift in Sources */,
				52048A942339F65B00E3B601 /* welcomeViewController.swift in Sources */,
				52048A842339F25800E3B601 /* ViewController.swift in Sources */,
				52F932B4233A6E96009DF904 /* buttonanimationeffect.swift in Sources */,
				52F932B6233A710D009DF904 /* registerViewController.swift in Sources */,
				5204C1DE233B48A5005044FB /* collectionViewController.swift in Sources */,
				5204C1E0233B48D0005044FB /* deliveryViewController.swift in Sources */,
				52066968233E54EC00191E3F /* submenuViewController.swift in Sources */,
				52048A822339F25800E3B601 /* AppDelegate.swift in Sources */,
				52F932BA233A7171009DF904 /* guestuserViewController.swift in Sources */,
				52F9B73B233A453A009E513E /* firstViewController.swift in Sources */,
			);
			runOnlyForDeploymentPostprocessing = 0;
		};
/* End PBXSourcesBuildPhase section */

/* Begin PBXVariantGroup section */
		52048A852339F25800E3B601 /* Main.storyboard */ = {
			isa = PBXVariantGroup;
			children = (
				52048A862339F25800E3B601 /* Base */,
			);
			name = Main.storyboard;
			sourceTree = "<group>";
		};
		52048A8A2339F25900E3B601 /* LaunchScreen.storyboard */ = {
			isa = PBXVariantGroup;
			children = (
				52048A8B2339F25900E3B601 /* Base */,
			);
			name = LaunchScreen.storyboard;
			sourceTree = "<group>";
		};
/* End PBXVariantGroup section */

/* Begin XCBuildConfiguration section */
		52048A8E2339F25900E3B601 /* Debug */ = {
			isa = XCBuildConfiguration;
			buildSettings = {
				ALWAYS_SEARCH_USER_PATHS = NO;
				CLANG_ANALYZER_NONNULL = YES;
				CLANG_ANALYZER_NUMBER_OBJECT_CONVERSION = YES_AGGRESSIVE;
				CLANG_CXX_LANGUAGE_STANDARD = "gnu++14";
				CLANG_CXX_LIBRARY = "libc++";
				CLANG_ENABLE_MODULES = YES;
				CLANG_ENABLE_OBJC_ARC = YES;
				CLANG_ENABLE_OBJC_WEAK = YES;
				CLANG_WARN_BLOCK_CAPTURE_AUTORELEASING = YES;
				CLANG_WARN_BOOL_CONVERSION = YES;
				CLANG_WARN_COMMA = YES;
				CLANG_WARN_CONSTANT_CONVERSION = YES;
				CLANG_WARN_DEPRECATED_OBJC_IMPLEMENTATIONS = YES;
				CLANG_WARN_DIRECT_OBJC_ISA_USAGE = YES_ERROR;
				CLANG_WARN_DOCUMENTATION_COMMENTS = YES;
				CLANG_WARN_EMPTY_BODY = YES;
				CLANG_WARN_ENUM_CONVERSION = YES;
				CLANG_WARN_INFINITE_RECURSION = YES;
				CLANG_WARN_INT_CONVERSION = YES;
				CLANG_WARN_NON_LITERAL_NULL_CONVERSION = YES;
				CLANG_WARN_OBJC_IMPLICIT_RETAIN_SELF = YES;
				CLANG_WARN_OBJC_LITERAL_CONVERSION = YES;
				CLANG_WARN_OBJC_ROOT_CLASS = YES_ERROR;
				CLANG_WARN_RANGE_LOOP_ANALYSIS = YES;
				CLANG_WARN_STRICT_PROTOTYPES = YES;
				CLANG_WARN_SUSPICIOUS_MOVE = YES;
				CLANG_WARN_UNGUARDED_AVAILABILITY = YES_AGGRESSIVE;
				CLANG_WARN_UNREACHABLE_CODE = YES;
				CLANG_WARN__DUPLICATE_METHOD_MATCH = YES;
				CODE_SIGN_IDENTITY = "iPhone Developer";
				COPY_PHASE_STRIP = NO;
				DEBUG_INFORMATION_FORMAT = dwarf;
				ENABLE_STRICT_OBJC_MSGSEND = YES;
				ENABLE_TESTABILITY = YES;
				GCC_C_LANGUAGE_STANDARD = gnu11;
				GCC_DYNAMIC_NO_PIC = NO;
				GCC_NO_COMMON_BLOCKS = YES;
				GCC_OPTIMIZATION_LEVEL = 0;
				GCC_PREPROCESSOR_DEFINITIONS = (
					"DEBUG=1",
					"$(inherited)",
				);
				GCC_WARN_64_TO_32_BIT_CONVERSION = YES;
				GCC_WARN_ABOUT_RETURN_TYPE = YES_ERROR;
				GCC_WARN_UNDECLARED_SELECTOR = YES;
				GCC_WARN_UNINITIALIZED_AUTOS = YES_AGGRESSIVE;
				GCC_WARN_UNUSED_FUNCTION = YES;
				GCC_WARN_UNUSED_VARIABLE = YES;
				IPHONEOS_DEPLOYMENT_TARGET = 12.1;
				MTL_ENABLE_DEBUG_INFO = INCLUDE_SOURCE;
				MTL_FAST_MATH = YES;
				ONLY_ACTIVE_ARCH = YES;
				SDKROOT = iphoneos;
				SWIFT_ACTIVE_COMPILATION_CONDITIONS = DEBUG;
				SWIFT_OPTIMIZATION_LEVEL = "-Onone";
			};
			name = Debug;
		};
		52048A8F2339F25900E3B601 /* Release */ = {
			isa = XCBuildConfiguration;
			buildSettings = {
				ALWAYS_SEARCH_USER_PATHS = NO;
				CLANG_ANALYZER_NONNULL = YES;
				CLANG_ANALYZER_NUMBER_OBJECT_CONVERSION = YES_AGGRESSIVE;
				CLANG_CXX_LANGUAGE_STANDARD = "gnu++14";
				CLANG_CXX_LIBRARY = "libc++";
				CLANG_ENABLE_MODULES = YES;
				CLANG_ENABLE_OBJC_ARC = YES;
				CLANG_ENABLE_OBJC_WEAK = YES;
				CLANG_WARN_BLOCK_CAPTURE_AUTORELEASING = YES;
				CLANG_WARN_BOOL_CONVERSION = YES;
				CLANG_WARN_COMMA = YES;
				CLANG_WARN_CONSTANT_CONVERSION = YES;
				CLANG_WARN_DEPRECATED_OBJC_IMPLEMENTATIONS = YES;
				CLANG_WARN_DIRECT_OBJC_ISA_USAGE = YES_ERROR;
				CLANG_WARN_DOCUMENTATION_COMMENTS = YES;
				CLANG_WARN_EMPTY_BODY = YES;
				CLANG_WARN_ENUM_CONVERSION = YES;
				CLANG_WARN_INFINITE_RECURSION = YES;
				CLANG_WARN_INT_CONVERSION = YES;
				CLANG_WARN_NON_LITERAL_NULL_CONVERSION = YES;
				CLANG_WARN_OBJC_IMPLICIT_RETAIN_SELF = YES;
				CLANG_WARN_OBJC_LITERAL_CONVERSION = YES;
				CLANG_WARN_OBJC_ROOT_CLASS = YES_ERROR;
				CLANG_WARN_RANGE_LOOP_ANALYSIS = YES;
				CLANG_WARN_STRICT_PROTOTYPES = YES;
				CLANG_WARN_SUSPICIOUS_MOVE = YES;
				CLANG_WARN_UNGUARDED_AVAILABILITY = YES_AGGRESSIVE;
				CLANG_WARN_UNREACHABLE_CODE = YES;
				CLANG_WARN__DUPLICATE_METHOD_MATCH = YES;
				CODE_SIGN_IDENTITY = "iPhone Developer";
				COPY_PHASE_STRIP = NO;
				DEBUG_INFORMATION_FORMAT = "dwarf-with-dsym";
				ENABLE_NS_ASSERTIONS = NO;
				ENABLE_STRICT_OBJC_MSGSEND = YES;
				GCC_C_LANGUAGE_STANDARD = gnu11;
				GCC_NO_COMMON_BLOCKS = YES;
				GCC_WARN_64_TO_32_BIT_CONVERSION = YES;
				GCC_WARN_ABOUT_RETURN_TYPE = YES_ERROR;
				GCC_WARN_UNDECLARED_SELECTOR = YES;
				GCC_WARN_UNINITIALIZED_AUTOS = YES_AGGRESSIVE;
				GCC_WARN_UNUSED_FUNCTION = YES;
				GCC_WARN_UNUSED_VARIABLE = YES;
				IPHONEOS_DEPLOYMENT_TARGET = 12.1;
				MTL_ENABLE_DEBUG_INFO = NO;
				MTL_FAST_MATH = YES;
				SDKROOT = iphoneos;
				SWIFT_COMPILATION_MODE = wholemodule;
				SWIFT_OPTIMIZATION_LEVEL = "-O";
				VALIDATE_PRODUCT = YES;
			};
			name = Release;
		};
		52048A912339F25900E3B601 /* Debug */ = {
			isa = XCBuildConfiguration;
			baseConfigurationReference = 515570AF43BE84AE142247F5 /* Pods-juicebar.debug.xcconfig */;
			buildSettings = {
				ASSETCATALOG_COMPILER_APPICON_NAME = AppIcon;
				CODE_SIGN_STYLE = Automatic;
				INFOPLIST_FILE = juicebar/Info.plist;
				LD_RUNPATH_SEARCH_PATHS = (
					"$(inherited)",
					"@executable_path/Frameworks",
				);
				PRODUCT_BUNDLE_IDENTIFIER = com..juicebar;
				PRODUCT_NAME = "$(TARGET_NAME)";
				SWIFT_VERSION = 4.2;
				TARGETED_DEVICE_FAMILY = "1,2";
			};
			name = Debug;
		};
		52048A922339F25900E3B601 /* Release */ = {
			isa = XCBuildConfiguration;
			baseConfigurationReference = AD8158A44DEA2D54E07DFA65 /* Pods-juicebar.release.xcconfig */;
			buildSettings = {
				ASSETCATALOG_COMPILER_APPICON_NAME = AppIcon;
				CODE_SIGN_STYLE = Automatic;
				INFOPLIST_FILE = juicebar/Info.plist;
				LD_RUNPATH_SEARCH_PATHS = (
					"$(inherited)",
					"@executable_path/Frameworks",
				);
				PRODUCT_BUNDLE_IDENTIFIER = com..juicebar;
				PRODUCT_NAME = "$(TARGET_NAME)";
				SWIFT_VERSION = 4.2;
				TARGETED_DEVICE_FAMILY = "1,2";
			};
			name = Release;
		};
/* End XCBuildConfiguration section */

/* Begin XCConfigurationList section */
		52048A792339F25800E3B601 /* Build configuration list for PBXProject "juicebar" */ = {
			isa = XCConfigurationList;
			buildConfigurations = (
				52048A8E2339F25900E3B601 /* Debug */,
				52048A8F2339F25900E3B601 /* Release */,
			);
			defaultConfigurationIsVisible = 0;
			defaultConfigurationName = Release;
		};
		52048A902339F25900E3B601 /* Build configuration list for PBXNativeTarget "juicebar" */ = {
			isa = XCConfigurationList;
			buildConfigurations = (
				52048A912339F25900E3B601 /* Debug */,
				52048A922339F25900E3B601 /* Release */,
			);
			defaultConfigurationIsVisible = 0;
			defaultConfigurationName = Release;
		};
/* End XCConfigurationList section */
	};
	rootObject = 52048A762339F25800E3B601 /* Project object */;
}
